
Microsoft Visual Studio Solution File, Format Version 12.00
# Visual Studio 15
VisualStudioVersion = 15.0.27703.2042
MinimumVisualStudioVersion = 10.0.40219.1
Project("{FAE04EC0-301F-11D3-BF4B-00C04F79EFBC}") = "LinqBen", "LinqBen.csproj", "{AD31D9EB-1718-473C-A2CF-53CDD8B96190}"
EndProject
Global
	GlobalSection(SolutionConfigurationPlatforms) = preSolution
		Debug|Any CPU = Debug|Any CPU
		Release|Any CPU = Release|Any CPU
	EndGlobalSection
	GlobalSection(ProjectConfigurationPlatforms) = postSolution
		{AD31D9EB-1718-473C-A2CF-53CDD8B96190}.Debug|Any CPU.ActiveCfg = Debug|Any CPU
		{AD31D9EB-1718-473C-A2CF-53CDD8B96190}.Debug|Any CPU.Build.0 = Debug|Any CPU
		{AD31D9EB-1718-473C-A2CF-53CDD8B96190}.Release|Any CPU.ActiveCfg = Release|Any CPU
		{AD31D9EB-1718-473C-A2CF-53CDD8B96190}.Release|Any CPU.Build.0 = Release|Any CPU
	EndGlobalSection
	GlobalSection(SolutionProperties) = preSolution
		HideSolutionNode = FALSE
	EndGlobalSection
	GlobalSection(ExtensibilityGlobals) = postSolution
		SolutionGuid = {85C21C7E-D9B3-432D-84A8-E1D6153204B9}
	EndGlobalSection
EndGlobal
